
Microsoft Visual Studio Solution File, Format Version 12.00
# Visual Studio Version 16
VisualStudioVersion = 16.0.29519.87
MinimumVisualStudioVersion = 10.0.40219.1
Project("{FAE04EC0-301F-11D3-BF4B-00C04F79EFBC}") = "MDSHO", "MDSHO\MDSHO.csproj", "{EF52A667-C1E1-435E-BC0A-1AED54C79E29}"
EndProject
Global
	GlobalSection(SolutionConfigurationPlatforms) = preSolution
		Debug|Any CPU = Debug|Any CPU
		Release|Any CPU = Release|Any CPU
	EndGlobalSection
	GlobalSection(ProjectConfigurationPlatforms) = postSolution
		{EF52A667-C1E1-435E-BC0A-1AED54C79E29}.Debug|Any CPU.ActiveCfg = Debug|Any CPU
		{EF52A667-C1E1-435E-BC0A-1AED54C79E29}.Debug|Any CPU.Build.0 = Debug|Any CPU
		{EF52A667-C1E1-435E-BC0A-1AED54C79E29}.Release|Any CPU.ActiveCfg = Release|Any CPU
		{EF52A667-C1E1-435E-BC0A-1AED54C79E29}.Release|Any CPU.Build.0 = Release|Any CPU
	EndGlobalSection
	GlobalSection(SolutionProperties) = preSolution
		HideSolutionNode = FALSE
	EndGlobalSection
	GlobalSection(ExtensibilityGlobals) = postSolution
		SolutionGuid = {B410AC86-5FC0-4F99-A1B6-A7E53FB46F0C}
	EndGlobalSection
EndGlobal
