
Microsoft Visual Studio Solution File, Format Version 12.00
# Visual Studio Version 16
VisualStudioVersion = 16.0.30406.217
MinimumVisualStudioVersion = 10.0.40219.1
Project("{FAE04EC0-301F-11D3-BF4B-00C04F79EFBC}") = "MDSHO", "MDSHO\MDSHO.csproj", "{DF2B4C86-2057-4FE5-ACA3-78241FB47F9F}"
EndProject
Project("{54435603-DBB4-11D2-8724-00A0C9A8B90C}") = "MDSHOSetup", "MDSHOSetup\MDSHOSetup.vdproj", "{4F8EF709-8236-4808-8E0D-CC5403DC4568}"
EndProject
Global
	GlobalSection(SolutionConfigurationPlatforms) = preSolution
		Debug|Any CPU = Debug|Any CPU
		Release|Any CPU = Release|Any CPU
	EndGlobalSection
	GlobalSection(ProjectConfigurationPlatforms) = postSolution
		{DF2B4C86-2057-4FE5-ACA3-78241FB47F9F}.Debug|Any CPU.ActiveCfg = Debug|Any CPU
		{DF2B4C86-2057-4FE5-ACA3-78241FB47F9F}.Debug|Any CPU.Build.0 = Debug|Any CPU
		{DF2B4C86-2057-4FE5-ACA3-78241FB47F9F}.Release|Any CPU.ActiveCfg = Release|Any CPU
		{DF2B4C86-2057-4FE5-ACA3-78241FB47F9F}.Release|Any CPU.Build.0 = Release|Any CPU
		{4F8EF709-8236-4808-8E0D-CC5403DC4568}.Debug|Any CPU.ActiveCfg = Debug
		{4F8EF709-8236-4808-8E0D-CC5403DC4568}.Release|Any CPU.ActiveCfg = Release
	EndGlobalSection
	GlobalSection(SolutionProperties) = preSolution
		HideSolutionNode = FALSE
	EndGlobalSection
	GlobalSection(ExtensibilityGlobals) = postSolution
		SolutionGuid = {84EE2BE8-F5DF-44B2-8EDE-B5FF03A870D4}
	EndGlobalSection
EndGlobal
